
Microsoft Visual Studio Solution File, Format Version 12.00
# Visual Studio Version 17
VisualStudioVersion = 17.10.34916.146
MinimumVisualStudioVersion = 10.0.40219.1
Project("{FAE04EC0-301F-11D3-BF4B-00C04F79EFBC}") = "WPF_MiniTCC_Smartir", "WPF_MiniTCC_Smartir\WPF_MiniTCC_Smartir.csproj", "{43B74B1B-35F9-4F5D-813F-7132770F176A}"
EndProject
Global
	GlobalSection(SolutionConfigurationPlatforms) = preSolution
		Debug|Any CPU = Debug|Any CPU
		Release|Any CPU = Release|Any CPU
	EndGlobalSection
	GlobalSection(ProjectConfigurationPlatforms) = postSolution
		{43B74B1B-35F9-4F5D-813F-7132770F176A}.Debug|Any CPU.ActiveCfg = Debug|Any CPU
		{43B74B1B-35F9-4F5D-813F-7132770F176A}.Debug|Any CPU.Build.0 = Debug|Any CPU
		{43B74B1B-35F9-4F5D-813F-7132770F176A}.Release|Any CPU.ActiveCfg = Release|Any CPU
		{43B74B1B-35F9-4F5D-813F-7132770F176A}.Release|Any CPU.Build.0 = Release|Any CPU
	EndGlobalSection
	GlobalSection(SolutionProperties) = preSolution
		HideSolutionNode = FALSE
	EndGlobalSection
	GlobalSection(ExtensibilityGlobals) = postSolution
		SolutionGuid = {D81E906B-1923-4D5D-901B-FA28066B611B}
	EndGlobalSection
EndGlobal
